{
  "name": "bloom.js",
  "version": "0.1.0",
  "lockfileVersion": 1,
  "requires": true,
  "dependencies": {
    "uglify-js": {
      "version": "3.12.0",
      "resolved": "https://registry.npmjs.org/uglify-js/-/uglify-js-3.12.0.tgz",
      "integrity": "sha512-8lBMSkFZuAK7gGF8LswsXmir8eX8d2AAMOnxSDWjKBx/fBR6MypQjs78m6ML9zQVp1/hD4TBdfeMZMC7nW1TAA==",
      "dev": true
    }
  }
}
