{
  "name": "bloom.js",
  "version": "0.1.0",
  "lockfileVersion": 1,
  "requires": true,
  "dependencies": {
    "uglify-js": {
      "version": "3.12.6",
      "resolved": "https://registry.npmjs.org/uglify-js/-/uglify-js-3.12.6.tgz",
      "integrity": "sha512-aqWHe3DfQmZUDGWBbabZ2eQnJlQd1fKlMUu7gV+MiTuDzdgDw31bI3wA2jLLsV/hNcDP26IfyEgSVoft5+0SVw==",
      "dev": true
    }
  }
}
