{
  "name": "bloom.js",
  "version": "0.1.0",
  "lockfileVersion": 2,
  "requires": true,
  "packages": {
    "": {
      "version": "0.1.0",
      "license": "AGPL-3.0",
      "devDependencies": {
        "uglify-js": "^3.12.6"
      }
    },
    "node_modules/uglify-js": {
      "version": "3.13.0",
      "resolved": "https://registry.npmjs.org/uglify-js/-/uglify-js-3.13.0.tgz",
      "integrity": "sha512-TWYSWa9T2pPN4DIJYbU9oAjQx+5qdV5RUDxwARg8fmJZrD/V27Zj0JngW5xg1DFz42G0uDYl2XhzF6alSzD62w==",
      "dev": true,
      "bin": {
        "uglifyjs": "bin/uglifyjs"
      },
      "engines": {
        "node": ">=0.8.0"
      }
    }
  },
  "dependencies": {
    "uglify-js": {
      "version": "3.13.0",
      "resolved": "https://registry.npmjs.org/uglify-js/-/uglify-js-3.13.0.tgz",
      "integrity": "sha512-TWYSWa9T2pPN4DIJYbU9oAjQx+5qdV5RUDxwARg8fmJZrD/V27Zj0JngW5xg1DFz42G0uDYl2XhzF6alSzD62w==",
      "dev": true
    }
  }
}
